{
  "version": "4",
  "remote": {
    "https://deno.land/std@0.135.0/fmt/colors.ts": "30455035d6d728394781c10755351742dd731e3db6771b1843f9b9e490104d37",
    "https://deno.land/std@0.135.0/testing/_diff.ts": "9d849cd6877694152e01775b2d93f9d6b7aef7e24bfe3bfafc4d7a1ac8e9f392",
    "https://deno.land/std@0.135.0/testing/asserts.ts": "b0ef969032882b1f7eb1c7571e313214baa1485f7b61cf35807b2434e254365c"
  },
  "workspace": {
    "packageJson": {
      "dependencies": [
        "npm:@babel/preset-env@^7.22.20",
        "npm:chai@^4.3.10",
        "npm:clean-webpack-plugin@4",
        "npm:eslint@^8.51.0",
        "npm:goodparts@^1.3.0",
        "npm:mocha@^10.2.0",
        "npm:prettier@^3.0.3",
        "npm:typescript@^5.2.2",
        "npm:webpack-cli@^5.1.4",
        "npm:webpack@^5.88.2"
      ]
    }
  }
}
